
Microsoft Visual Studio Solution File, Format Version 12.00
# Visual Studio Version 17
VisualStudioVersion = 17.0.31903.59
MinimumVisualStudioVersion = 10.0.40219.1
Project("{2150E333-8FDC-42A3-9474-1A3956D46DE8}") = "src", "src", "{827E0CD3-B72D-47B6-A68D-7590B98EB39B}"
EndProject
Project("{2150E333-8FDC-42A3-9474-1A3956D46DE8}") = "Domain", "Domain", "{8B290487-4C16-E85E-E807-F579CBE9FC4D}"
EndProject
Project("{FAE04EC0-301F-11D3-BF4B-00C04F79EFBC}") = "Oypa.Crm.Domain", "src\Domain\Oypa.Crm.Domain.csproj", "{4A8EEF2F-9150-4308-86F4-50222481C1FC}"
EndProject
Project("{FAE04EC0-301F-11D3-BF4B-00C04F79EFBC}") = "Oypa.Crm.Contracts", "src\Contracts\Oypa.Crm.Contracts.csproj", "{B49EA8E6-DF53-4876-BCA3-FC4FBE121ED1}"
EndProject
Project("{FAE04EC0-301F-11D3-BF4B-00C04F79EFBC}") = "Oypa.Crm.Application", "src\Application\Oypa.Crm.Application.csproj", "{9D1E8BA8-FC5C-4AFB-B1D3-8D2F9287BEB9}"
EndProject
Project("{FAE04EC0-301F-11D3-BF4B-00C04F79EFBC}") = "Oypa.Crm.Infrastructure", "src\Infrastructure\Oypa.Crm.Infrastructure.csproj", "{2934F8D6-8429-489C-B448-3021BB802125}"
EndProject
Project("{FAE04EC0-301F-11D3-BF4B-00C04F79EFBC}") = "Oypa.Crm.Api", "src\Api\Oypa.Crm.Api.csproj", "{443B65E2-ACBC-4A71-AF28-DC4C9F9C2A41}"
EndProject
Project("{FAE04EC0-301F-11D3-BF4B-00C04F79EFBC}") = "Oypa.Crm.UnitTests", "tests\UnitTests\Oypa.Crm.UnitTests.csproj", "{B4F99807-DFE9-4B3B-BEA6-C6615BD7170F}"
EndProject
Project("{FAE04EC0-301F-11D3-BF4B-00C04F79EFBC}") = "Oypa.Crm.IntegrationTests", "tests\IntegrationTests\Oypa.Crm.IntegrationTests.csproj", "{5DF1AA7B-C2BD-4608-844F-5B7B2487630C}"
EndProject
Global
	GlobalSection(SolutionConfigurationPlatforms) = preSolution
		Debug|Any CPU = Debug|Any CPU
		Debug|x64 = Debug|x64
		Debug|x86 = Debug|x86
		Release|Any CPU = Release|Any CPU
		Release|x64 = Release|x64
		Release|x86 = Release|x86
	EndGlobalSection
	GlobalSection(ProjectConfigurationPlatforms) = postSolution
		{4A8EEF2F-9150-4308-86F4-50222481C1FC}.Debug|Any CPU.ActiveCfg = Debug|Any CPU
		{4A8EEF2F-9150-4308-86F4-50222481C1FC}.Debug|Any CPU.Build.0 = Debug|Any CPU
		{4A8EEF2F-9150-4308-86F4-50222481C1FC}.Debug|x64.ActiveCfg = Debug|Any CPU
		{4A8EEF2F-9150-4308-86F4-50222481C1FC}.Debug|x64.Build.0 = Debug|Any CPU
		{4A8EEF2F-9150-4308-86F4-50222481C1FC}.Debug|x86.ActiveCfg = Debug|Any CPU
		{4A8EEF2F-9150-4308-86F4-50222481C1FC}.Debug|x86.Build.0 = Debug|Any CPU
		{4A8EEF2F-9150-4308-86F4-50222481C1FC}.Release|Any CPU.ActiveCfg = Release|Any CPU
		{4A8EEF2F-9150-4308-86F4-50222481C1FC}.Release|Any CPU.Build.0 = Release|Any CPU
		{4A8EEF2F-9150-4308-86F4-50222481C1FC}.Release|x64.ActiveCfg = Release|Any CPU
		{4A8EEF2F-9150-4308-86F4-50222481C1FC}.Release|x64.Build.0 = Release|Any CPU
		{4A8EEF2F-9150-4308-86F4-50222481C1FC}.Release|x86.ActiveCfg = Release|Any CPU
		{4A8EEF2F-9150-4308-86F4-50222481C1FC}.Release|x86.Build.0 = Release|Any CPU
		{B49EA8E6-DF53-4876-BCA3-FC4FBE121ED1}.Debug|Any CPU.ActiveCfg = Debug|Any CPU
		{B49EA8E6-DF53-4876-BCA3-FC4FBE121ED1}.Debug|Any CPU.Build.0 = Debug|Any CPU
		{B49EA8E6-DF53-4876-BCA3-FC4FBE121ED1}.Debug|x64.ActiveCfg = Debug|Any CPU
		{B49EA8E6-DF53-4876-BCA3-FC4FBE121ED1}.Debug|x64.Build.0 = Debug|Any CPU
		{B49EA8E6-DF53-4876-BCA3-FC4FBE121ED1}.Debug|x86.ActiveCfg = Debug|Any CPU
		{B49EA8E6-DF53-4876-BCA3-FC4FBE121ED1}.Debug|x86.Build.0 = Debug|Any CPU
		{B49EA8E6-DF53-4876-BCA3-FC4FBE121ED1}.Release|Any CPU.ActiveCfg = Release|Any CPU
		{B49EA8E6-DF53-4876-BCA3-FC4FBE121ED1}.Release|Any CPU.Build.0 = Release|Any CPU
		{B49EA8E6-DF53-4876-BCA3-FC4FBE121ED1}.Release|x64.ActiveCfg = Release|Any CPU
		{B49EA8E6-DF53-4876-BCA3-FC4FBE121ED1}.Release|x64.Build.0 = Release|Any CPU
		{B49EA8E6-DF53-4876-BCA3-FC4FBE121ED1}.Release|x86.ActiveCfg = Release|Any CPU
		{B49EA8E6-DF53-4876-BCA3-FC4FBE121ED1}.Release|x86.Build.0 = Release|Any CPU
		{9D1E8BA8-FC5C-4AFB-B1D3-8D2F9287BEB9}.Debug|Any CPU.ActiveCfg = Debug|Any CPU
		{9D1E8BA8-FC5C-4AFB-B1D3-8D2F9287BEB9}.Debug|Any CPU.Build.0 = Debug|Any CPU
		{9D1E8BA8-FC5C-4AFB-B1D3-8D2F9287BEB9}.Debug|x64.ActiveCfg = Debug|Any CPU
		{9D1E8BA8-FC5C-4AFB-B1D3-8D2F9287BEB9}.Debug|x64.Build.0 = Debug|Any CPU
		{9D1E8BA8-FC5C-4AFB-B1D3-8D2F9287BEB9}.Debug|x86.ActiveCfg = Debug|Any CPU
		{9D1E8BA8-FC5C-4AFB-B1D3-8D2F9287BEB9}.Debug|x86.Build.0 = Debug|Any CPU
		{9D1E8BA8-FC5C-4AFB-B1D3-8D2F9287BEB9}.Release|Any CPU.ActiveCfg = Release|Any CPU
		{9D1E8BA8-FC5C-4AFB-B1D3-8D2F9287BEB9}.Release|Any CPU.Build.0 = Release|Any CPU
		{9D1E8BA8-FC5C-4AFB-B1D3-8D2F9287BEB9}.Release|x64.ActiveCfg = Release|Any CPU
		{9D1E8BA8-FC5C-4AFB-B1D3-8D2F9287BEB9}.Release|x64.Build.0 = Release|Any CPU
		{9D1E8BA8-FC5C-4AFB-B1D3-8D2F9287BEB9}.Release|x86.ActiveCfg = Release|Any CPU
		{9D1E8BA8-FC5C-4AFB-B1D3-8D2F9287BEB9}.Release|x86.Build.0 = Release|Any CPU
		{2934F8D6-8429-489C-B448-3021BB802125}.Debug|Any CPU.ActiveCfg = Debug|Any CPU
		{2934F8D6-8429-489C-B448-3021BB802125}.Debug|Any CPU.Build.0 = Debug|Any CPU
		{2934F8D6-8429-489C-B448-3021BB802125}.Debug|x64.ActiveCfg = Debug|Any CPU
		{2934F8D6-8429-489C-B448-3021BB802125}.Debug|x64.Build.0 = Debug|Any CPU
		{2934F8D6-8429-489C-B448-3021BB802125}.Debug|x86.ActiveCfg = Debug|Any CPU
		{2934F8D6-8429-489C-B448-3021BB802125}.Debug|x86.Build.0 = Debug|Any CPU
		{2934F8D6-8429-489C-B448-3021BB802125}.Release|Any CPU.ActiveCfg = Release|Any CPU
		{2934F8D6-8429-489C-B448-3021BB802125}.Release|Any CPU.Build.0 = Release|Any CPU
		{2934F8D6-8429-489C-B448-3021BB802125}.Release|x64.ActiveCfg = Release|Any CPU
		{2934F8D6-8429-489C-B448-3021BB802125}.Release|x64.Build.0 = Release|Any CPU
		{2934F8D6-8429-489C-B448-3021BB802125}.Release|x86.ActiveCfg = Release|Any CPU
		{2934F8D6-8429-489C-B448-3021BB802125}.Release|x86.Build.0 = Release|Any CPU
		{443B65E2-ACBC-4A71-AF28-DC4C9F9C2A41}.Debug|Any CPU.ActiveCfg = Debug|Any CPU
		{443B65E2-ACBC-4A71-AF28-DC4C9F9C2A41}.Debug|Any CPU.Build.0 = Debug|Any CPU
		{443B65E2-ACBC-4A71-AF28-DC4C9F9C2A41}.Debug|x64.ActiveCfg = Debug|Any CPU
		{443B65E2-ACBC-4A71-AF28-DC4C9F9C2A41}.Debug|x64.Build.0 = Debug|Any CPU
		{443B65E2-ACBC-4A71-AF28-DC4C9F9C2A41}.Debug|x86.ActiveCfg = Debug|Any CPU
		{443B65E2-ACBC-4A71-AF28-DC4C9F9C2A41}.Debug|x86.Build.0 = Debug|Any CPU
		{443B65E2-ACBC-4A71-AF28-DC4C9F9C2A41}.Release|Any CPU.ActiveCfg = Release|Any CPU
		{443B65E2-ACBC-4A71-AF28-DC4C9F9C2A41}.Release|Any CPU.Build.0 = Release|Any CPU
		{443B65E2-ACBC-4A71-AF28-DC4C9F9C2A41}.Release|x64.ActiveCfg = Release|Any CPU
		{443B65E2-ACBC-4A71-AF28-DC4C9F9C2A41}.Release|x64.Build.0 = Release|Any CPU
		{443B65E2-ACBC-4A71-AF28-DC4C9F9C2A41}.Release|x86.ActiveCfg = Release|Any CPU
		{443B65E2-ACBC-4A71-AF28-DC4C9F9C2A41}.Release|x86.Build.0 = Release|Any CPU
		{B4F99807-DFE9-4B3B-BEA6-C6615BD7170F}.Debug|Any CPU.ActiveCfg = Debug|Any CPU
		{B4F99807-DFE9-4B3B-BEA6-C6615BD7170F}.Debug|Any CPU.Build.0 = Debug|Any CPU
		{B4F99807-DFE9-4B3B-BEA6-C6615BD7170F}.Debug|x64.ActiveCfg = Debug|Any CPU
		{B4F99807-DFE9-4B3B-BEA6-C6615BD7170F}.Debug|x64.Build.0 = Debug|Any CPU
		{B4F99807-DFE9-4B3B-BEA6-C6615BD7170F}.Debug|x86.ActiveCfg = Debug|Any CPU
		{B4F99807-DFE9-4B3B-BEA6-C6615BD7170F}.Debug|x86.Build.0 = Debug|Any CPU
		{B4F99807-DFE9-4B3B-BEA6-C6615BD7170F}.Release|Any CPU.ActiveCfg = Release|Any CPU
		{B4F99807-DFE9-4B3B-BEA6-C6615BD7170F}.Release|Any CPU.Build.0 = Release|Any CPU
		{B4F99807-DFE9-4B3B-BEA6-C6615BD7170F}.Release|x64.ActiveCfg = Release|Any CPU
		{B4F99807-DFE9-4B3B-BEA6-C6615BD7170F}.Release|x64.Build.0 = Release|Any CPU
		{B4F99807-DFE9-4B3B-BEA6-C6615BD7170F}.Release|x86.ActiveCfg = Release|Any CPU
		{B4F99807-DFE9-4B3B-BEA6-C6615BD7170F}.Release|x86.Build.0 = Release|Any CPU
		{5DF1AA7B-C2BD-4608-844F-5B7B2487630C}.Debug|Any CPU.ActiveCfg = Debug|Any CPU
		{5DF1AA7B-C2BD-4608-844F-5B7B2487630C}.Debug|Any CPU.Build.0 = Debug|Any CPU
		{5DF1AA7B-C2BD-4608-844F-5B7B2487630C}.Debug|x64.ActiveCfg = Debug|Any CPU
		{5DF1AA7B-C2BD-4608-844F-5B7B2487630C}.Debug|x64.Build.0 = Debug|Any CPU
		{5DF1AA7B-C2BD-4608-844F-5B7B2487630C}.Debug|x86.ActiveCfg = Debug|Any CPU
		{5DF1AA7B-C2BD-4608-844F-5B7B2487630C}.Debug|x86.Build.0 = Debug|Any CPU
		{5DF1AA7B-C2BD-4608-844F-5B7B2487630C}.Release|Any CPU.ActiveCfg = Release|Any CPU
		{5DF1AA7B-C2BD-4608-844F-5B7B2487630C}.Release|Any CPU.Build.0 = Release|Any CPU
		{5DF1AA7B-C2BD-4608-844F-5B7B2487630C}.Release|x64.ActiveCfg = Release|Any CPU
		{5DF1AA7B-C2BD-4608-844F-5B7B2487630C}.Release|x64.Build.0 = Release|Any CPU
		{5DF1AA7B-C2BD-4608-844F-5B7B2487630C}.Release|x86.ActiveCfg = Release|Any CPU
		{5DF1AA7B-C2BD-4608-844F-5B7B2487630C}.Release|x86.Build.0 = Release|Any CPU
	EndGlobalSection
	GlobalSection(SolutionProperties) = preSolution
		HideSolutionNode = FALSE
	EndGlobalSection
	GlobalSection(NestedProjects) = preSolution
		{8B290487-4C16-E85E-E807-F579CBE9FC4D} = {827E0CD3-B72D-47B6-A68D-7590B98EB39B}
		{4A8EEF2F-9150-4308-86F4-50222481C1FC} = {8B290487-4C16-E85E-E807-F579CBE9FC4D}
		{B49EA8E6-DF53-4876-BCA3-FC4FBE121ED1} = {8B290487-4C16-E85E-E807-F579CBE9FC4D}
		{9D1E8BA8-FC5C-4AFB-B1D3-8D2F9287BEB9} = {8B290487-4C16-E85E-E807-F579CBE9FC4D}
		{2934F8D6-8429-489C-B448-3021BB802125} = {8B290487-4C16-E85E-E807-F579CBE9FC4D}
		{443B65E2-ACBC-4A71-AF28-DC4C9F9C2A41} = {8B290487-4C16-E85E-E807-F579CBE9FC4D}
		{B4F99807-DFE9-4B3B-BEA6-C6615BD7170F} = {8B290487-4C16-E85E-E807-F579CBE9FC4D}
		{5DF1AA7B-C2BD-4608-844F-5B7B2487630C} = {8B290487-4C16-E85E-E807-F579CBE9FC4D}
	EndGlobalSection
EndGlobal
